// !$*UTF8*$!
{
	archiveVersion = 1;
	classes = {
	};
	objectVersion = 50;
	objects = {

/* Begin PBXBuildFile section */
		110332BB21B370010093F729 /* lafzi.sqlite in Resources */ = {isa = PBXBuildFile; fileRef = 110332BA21B370010093F729 /* lafzi.sqlite */; };
		110332BD21B384220093F729 /* QueryHelper.swift in Sources */ = {isa = PBXBuildFile; fileRef = 110332BC21B384220093F729 /* QueryHelper.swift */; };
		110332BF21B403120093F729 /* SearchHelper.swift in Sources */ = {isa = PBXBuildFile; fileRef = 110332BE21B403120093F729 /* SearchHelper.swift */; };
		110332C121B407D40093F729 /* FoundDocument.swift in Sources */ = {isa = PBXBuildFile; fileRef = 110332C021B407D40093F729 /* FoundDocument.swift */; };
		110332C321B409270093F729 /* HighlightPosition.swift in Sources */ = {isa = PBXBuildFile; fileRef = 110332C221B409270093F729 /* HighlightPosition.swift */; };
		110332C521B4D4110093F729 /* FreqAndPosition.swift in Sources */ = {isa = PBXBuildFile; fileRef = 110332C421B4D4110093F729 /* FreqAndPosition.swift */; };
		113AAC4C21B5693600AA025C /* Index.swift in Sources */ = {isa = PBXBuildFile; fileRef = 113AAC4B21B5693600AA025C /* Index.swift */; };
		115DD07621C9D72F00512F2B /* FloatyViewController.swift in Sources */ = {isa = PBXBuildFile; fileRef = 115DD07021C9D72E00512F2B /* FloatyViewController.swift */; };
		115DD07721C9D72F00512F2B /* FloatyManager.swift in Sources */ = {isa = PBXBuildFile; fileRef = 115DD07121C9D72E00512F2B /* FloatyManager.swift */; };
		115DD07821C9D72F00512F2B /* FloatyDelegate.swift in Sources */ = {isa = PBXBuildFile; fileRef = 115DD07221C9D72E00512F2B /* FloatyDelegate.swift */; };
		115DD07921C9D72F00512F2B /* FloatyWindow.swift in Sources */ = {isa = PBXBuildFile; fileRef = 115DD07321C9D72F00512F2B /* FloatyWindow.swift */; };
		115DD07A21C9D72F00512F2B /* Floaty.swift in Sources */ = {isa = PBXBuildFile; fileRef = 115DD07421C9D72F00512F2B /* Floaty.swift */; };
		115DD07B21C9D72F00512F2B /* FloatyItem.swift in Sources */ = {isa = PBXBuildFile; fileRef = 115DD07521C9D72F00512F2B /* FloatyItem.swift */; };
		117CC31721C13C7C00EE594D /* Popover.swift in Sources */ = {isa = PBXBuildFile; fileRef = 117CC31621C13C7C00EE594D /* Popover.swift */; };
		117CC31921C1424500EE594D /* Assets.xcassets in Resources */ = {isa = PBXBuildFile; fileRef = 117CC31821C1424500EE594D /* Assets.xcassets */; };
		117CC31B21C1496F00EE594D /* PopoverOptions.swift in Sources */ = {isa = PBXBuildFile; fileRef = 117CC31A21C1496F00EE594D /* PopoverOptions.swift */; };
		117CC31E21C1E96500EE594D /* BantuanViewController.swift in Sources */ = {isa = PBXBuildFile; fileRef = 117CC31D21C1E96500EE594D /* BantuanViewController.swift */; };
		119A01E421C3D91F00A93259 /* SearchHelperView.xib in Resources */ = {isa = PBXBuildFile; fileRef = 119A01E321C3D91F00A93259 /* SearchHelperView.xib */; };
		119A01E621C3D93E00A93259 /* SearchHelperView.swift in Sources */ = {isa = PBXBuildFile; fileRef = 119A01E521C3D93E00A93259 /* SearchHelperView.swift */; };
		11BCE28B21BB5D3A007CD641 /* EmptySearchView.xib in Resources */ = {isa = PBXBuildFile; fileRef = 11BCE28A21BB5D3A007CD641 /* EmptySearchView.xib */; };
		11BCE28D21BB5D57007CD641 /* EmptySearchView.swift in Sources */ = {isa = PBXBuildFile; fileRef = 11BCE28C21BB5D57007CD641 /* EmptySearchView.swift */; };
		11BCE29021BB7E24007CD641 /* Util.swift in Sources */ = {isa = PBXBuildFile; fileRef = 11BCE28F21BB7E24007CD641 /* Util.swift */; };
		11C26F5621AE031900F6AF58 /* AppDelegate.swift in Sources */ = {isa = PBXBuildFile; fileRef = 11C26F5521AE031900F6AF58 /* AppDelegate.swift */; };
		11C26F5821AE031900F6AF58 /* ViewController.swift in Sources */ = {isa = PBXBuildFile; fileRef = 11C26F5721AE031900F6AF58 /* ViewController.swift */; };
		11C26F5B21AE031900F6AF58 /* Main.storyboard in Resources */ = {isa = PBXBuildFile; fileRef = 11C26F5921AE031900F6AF58 /* Main.storyboard */; };
		11C26F6021AE031A00F6AF58 /* LaunchScreen.storyboard in Resources */ = {isa = PBXBuildFile; fileRef = 11C26F5E21AE031A00F6AF58 /* LaunchScreen.storyboard */; };
		11C26F6B21AE031A00F6AF58 /* LafziTests.swift in Sources */ = {isa = PBXBuildFile; fileRef = 11C26F6A21AE031A00F6AF58 /* LafziTests.swift */; };
		11DED52121B09C4400367545 /* AyatQuran.swift in Sources */ = {isa = PBXBuildFile; fileRef = 11DED52021B09C4400367545 /* AyatQuran.swift */; };
		11DED52421B0A08E00367545 /* AyatTableViewCell.swift in Sources */ = {isa = PBXBuildFile; fileRef = 11DED52321B0A08E00367545 /* AyatTableViewCell.swift */; };
		11DED52721B36BCD00367545 /* DBHelper.swift in Sources */ = {isa = PBXBuildFile; fileRef = 11DED52621B36BCD00367545 /* DBHelper.swift */; };
		11DF56A521C67A7A00B55E18 /* SlideController.swift in Sources */ = {isa = PBXBuildFile; fileRef = 11DF56A421C67A7A00B55E18 /* SlideController.swift */; };
		11DF56A721C67D5200B55E18 /* SingleAyatController.swift in Sources */ = {isa = PBXBuildFile; fileRef = 11DF56A621C67D5200B55E18 /* SingleAyatController.swift */; };
		11F92FB021C28B7700B3C59A /* me_quran.ttf in Resources */ = {isa = PBXBuildFile; fileRef = 11F92FAE21C288B200B3C59A /* me_quran.ttf */; };
		11F92FB321C2918D00B3C59A /* Localizable.strings in Resources */ = {isa = PBXBuildFile; fileRef = 11F92FB521C2918D00B3C59A /* Localizable.strings */; };
		11F92FB921C3430B00B3C59A /* SettingsViewController.swift in Sources */ = {isa = PBXBuildFile; fileRef = 11F92FB821C3430B00B3C59A /* SettingsViewController.swift */; };
		2585AA529FB6BE87D052F448 /* Pods_Lafzi.framework in Frameworks */ = {isa = PBXBuildFile; fileRef = 28AE09DA018D36025632E51D /* Pods_Lafzi.framework */; };
/* End PBXBuildFile section */

/* Begin PBXContainerItemProxy section */
		11C26F6721AE031A00F6AF58 /* PBXContainerItemProxy */ = {
			isa = PBXContainerItemProxy;
			containerPortal = 11C26F4A21AE031900F6AF58 /* Project object */;
			proxyType = 1;
			remoteGlobalIDString = 11C26F5121AE031900F6AF58;
			remoteInfo = Lafzi;
		};
/* End PBXContainerItemProxy section */

/* Begin PBXFileReference section */
		110332BA21B370010093F729 /* lafzi.sqlite */ = {isa = PBXFileReference; lastKnownFileType = file; path = lafzi.sqlite; sourceTree = "<group>"; };
		110332BC21B384220093F729 /* QueryHelper.swift */ = {isa = PBXFileReference; lastKnownFileType = sourcecode.swift; path = QueryHelper.swift; sourceTree = "<group>"; };
		110332BE21B403120093F729 /* SearchHelper.swift */ = {isa = PBXFileReference; lastKnownFileType = sourcecode.swift; path = SearchHelper.swift; sourceTree = "<group>"; };
		110332C021B407D40093F729 /* FoundDocument.swift */ = {isa = PBXFileReference; lastKnownFileType = sourcecode.swift; path = FoundDocument.swift; sourceTree = "<group>"; };
		110332C221B409270093F729 /* HighlightPosition.swift */ = {isa = PBXFileReference; lastKnownFileType = sourcecode.swift; path = HighlightPosition.swift; sourceTree = "<group>"; };
		110332C421B4D4110093F729 /* FreqAndPosition.swift */ = {isa = PBXFileReference; lastKnownFileType = sourcecode.swift; path = FreqAndPosition.swift; sourceTree = "<group>"; };
		113AAC4B21B5693600AA025C /* Index.swift */ = {isa = PBXFileReference; lastKnownFileType = sourcecode.swift; path = Index.swift; sourceTree = "<group>"; };
		115DD07021C9D72E00512F2B /* FloatyViewController.swift */ = {isa = PBXFileReference; lastKnownFileType = sourcecode.swift; path = FloatyViewController.swift; sourceTree = "<group>"; };
		115DD07121C9D72E00512F2B /* FloatyManager.swift */ = {isa = PBXFileReference; lastKnownFileType = sourcecode.swift; path = FloatyManager.swift; sourceTree = "<group>"; };
		115DD07221C9D72E00512F2B /* FloatyDelegate.swift */ = {isa = PBXFileReference; lastKnownFileType = sourcecode.swift; path = FloatyDelegate.swift; sourceTree = "<group>"; };
		115DD07321C9D72F00512F2B /* FloatyWindow.swift */ = {isa = PBXFileReference; lastKnownFileType = sourcecode.swift; path = FloatyWindow.swift; sourceTree = "<group>"; };
		115DD07421C9D72F00512F2B /* Floaty.swift */ = {isa = PBXFileReference; lastKnownFileType = sourcecode.swift; path = Floaty.swift; sourceTree = "<group>"; };
		115DD07521C9D72F00512F2B /* FloatyItem.swift */ = {isa = PBXFileReference; lastKnownFileType = sourcecode.swift; path = FloatyItem.swift; sourceTree = "<group>"; };
		117CC31621C13C7C00EE594D /* Popover.swift */ = {isa = PBXFileReference; lastKnownFileType = sourcecode.swift; path = Popover.swift; sourceTree = "<group>"; };
		117CC31821C1424500EE594D /* Assets.xcassets */ = {isa = PBXFileReference; lastKnownFileType = folder.assetcatalog; path = Assets.xcassets; sourceTree = "<group>"; };
		117CC31A21C1496F00EE594D /* PopoverOptions.swift */ = {isa = PBXFileReference; lastKnownFileType = sourcecode.swift; path = PopoverOptions.swift; sourceTree = "<group>"; };
		117CC31D21C1E96500EE594D /* BantuanViewController.swift */ = {isa = PBXFileReference; lastKnownFileType = sourcecode.swift; path = BantuanViewController.swift; sourceTree = "<group>"; };
		119A01E321C3D91F00A93259 /* SearchHelperView.xib */ = {isa = PBXFileReference; lastKnownFileType = file.xib; path = SearchHelperView.xib; sourceTree = "<group>"; };
		119A01E521C3D93E00A93259 /* SearchHelperView.swift */ = {isa = PBXFileReference; lastKnownFileType = sourcecode.swift; path = SearchHelperView.swift; sourceTree = "<group>"; };
		11BCE28A21BB5D3A007CD641 /* EmptySearchView.xib */ = {isa = PBXFileReference; lastKnownFileType = file.xib; path = EmptySearchView.xib; sourceTree = "<group>"; };
		11BCE28C21BB5D57007CD641 /* EmptySearchView.swift */ = {isa = PBXFileReference; lastKnownFileType = sourcecode.swift; path = EmptySearchView.swift; sourceTree = "<group>"; };
		11BCE28F21BB7E24007CD641 /* Util.swift */ = {isa = PBXFileReference; lastKnownFileType = sourcecode.swift; path = Util.swift; sourceTree = "<group>"; };
		11C26F5221AE031900F6AF58 /* Lafzi.app */ = {isa = PBXFileReference; explicitFileType = wrapper.application; includeInIndex = 0; path = Lafzi.app; sourceTree = BUILT_PRODUCTS_DIR; };
		11C26F5521AE031900F6AF58 /* AppDelegate.swift */ = {isa = PBXFileReference; lastKnownFileType = sourcecode.swift; path = AppDelegate.swift; sourceTree = "<group>"; };
		11C26F5721AE031900F6AF58 /* ViewController.swift */ = {isa = PBXFileReference; lastKnownFileType = sourcecode.swift; path = ViewController.swift; sourceTree = "<group>"; };
		11C26F5A21AE031900F6AF58 /* Base */ = {isa = PBXFileReference; lastKnownFileType = file.storyboard; name = Base; path = Base.lproj/Main.storyboard; sourceTree = "<group>"; };
		11C26F5F21AE031A00F6AF58 /* Base */ = {isa = PBXFileReference; lastKnownFileType = file.storyboard; name = Base; path = Base.lproj/LaunchScreen.storyboard; sourceTree = "<group>"; };
		11C26F6121AE031A00F6AF58 /* Info.plist */ = {isa = PBXFileReference; lastKnownFileType = text.plist.xml; path = Info.plist; sourceTree = "<group>"; };
		11C26F6621AE031A00F6AF58 /* LafziTests.xctest */ = {isa = PBXFileReference; explicitFileType = wrapper.cfbundle; includeInIndex = 0; path = LafziTests.xctest; sourceTree = BUILT_PRODUCTS_DIR; };
		11C26F6A21AE031A00F6AF58 /* LafziTests.swift */ = {isa = PBXFileReference; lastKnownFileType = sourcecode.swift; path = LafziTests.swift; sourceTree = "<group>"; };
		11C26F6C21AE031A00F6AF58 /* Info.plist */ = {isa = PBXFileReference; lastKnownFileType = text.plist.xml; path = Info.plist; sourceTree = "<group>"; };
		11DED52021B09C4400367545 /* AyatQuran.swift */ = {isa = PBXFileReference; lastKnownFileType = sourcecode.swift; path = AyatQuran.swift; sourceTree = "<group>"; };
		11DED52321B0A08E00367545 /* AyatTableViewCell.swift */ = {isa = PBXFileReference; lastKnownFileType = sourcecode.swift; path = AyatTableViewCell.swift; sourceTree = "<group>"; };
		11DED52621B36BCD00367545 /* DBHelper.swift */ = {isa = PBXFileReference; lastKnownFileType = sourcecode.swift; path = DBHelper.swift; sourceTree = "<group>"; };
		11DF56A421C67A7A00B55E18 /* SlideController.swift */ = {isa = PBXFileReference; lastKnownFileType = sourcecode.swift; path = SlideController.swift; sourceTree = "<group>"; };
		11DF56A621C67D5200B55E18 /* SingleAyatController.swift */ = {isa = PBXFileReference; lastKnownFileType = sourcecode.swift; path = SingleAyatController.swift; sourceTree = "<group>"; };
		11F92FAE21C288B200B3C59A /* me_quran.ttf */ = {isa = PBXFileReference; lastKnownFileType = file; path = me_quran.ttf; sourceTree = "<group>"; };
		11F92FB421C2918D00B3C59A /* en */ = {isa = PBXFileReference; lastKnownFileType = text.plist.strings; name = en; path = en.lproj/Localizable.strings; sourceTree = "<group>"; };
		11F92FB821C3430B00B3C59A /* SettingsViewController.swift */ = {isa = PBXFileReference; lastKnownFileType = sourcecode.swift; path = SettingsViewController.swift; sourceTree = "<group>"; };
		28AE09DA018D36025632E51D /* Pods_Lafzi.framework */ = {isa = PBXFileReference; explicitFileType = wrapper.framework; includeInIndex = 0; path = Pods_Lafzi.framework; sourceTree = BUILT_PRODUCTS_DIR; };
		B990E632DCA4BB4F5A49F0CF /* Pods-Lafzi.debug.xcconfig */ = {isa = PBXFileReference; includeInIndex = 1; lastKnownFileType = text.xcconfig; name = "Pods-Lafzi.debug.xcconfig"; path = "Pods/Target Support Files/Pods-Lafzi/Pods-Lafzi.debug.xcconfig"; sourceTree = "<group>"; };
		CBFDC852D45C8D49DF764156 /* Pods-Lafzi.release.xcconfig */ = {isa = PBXFileReference; includeInIndex = 1; lastKnownFileType = text.xcconfig; name = "Pods-Lafzi.release.xcconfig"; path = "Pods/Target Support Files/Pods-Lafzi/Pods-Lafzi.release.xcconfig"; sourceTree = "<group>"; };
/* End PBXFileReference section */

/* Begin PBXFrameworksBuildPhase section */
		11C26F4F21AE031900F6AF58 /* Frameworks */ = {
			isa = PBXFrameworksBuildPhase;
			buildActionMask = 2147483647;
			files = (
				2585AA529FB6BE87D052F448 /* Pods_Lafzi.framework in Frameworks */,
			);
			runOnlyForDeploymentPostprocessing = 0;
		};
		11C26F6321AE031A00F6AF58 /* Frameworks */ = {
			isa = PBXFrameworksBuildPhase;
			buildActionMask = 2147483647;
			files = (
			);
			runOnlyForDeploymentPostprocessing = 0;
		};
/* End PBXFrameworksBuildPhase section */

/* Begin PBXGroup section */
		117CC31521C13C5B00EE594D /* Libs */ = {
			isa = PBXGroup;
			children = (
				117CC31621C13C7C00EE594D /* Popover.swift */,
			);
			path = Libs;
			sourceTree = "<group>";
		};
		117CC31C21C1E93300EE594D /* Controller */ = {
			isa = PBXGroup;
			children = (
				11C26F5721AE031900F6AF58 /* ViewController.swift */,
				117CC31D21C1E96500EE594D /* BantuanViewController.swift */,
				11F92FB821C3430B00B3C59A /* SettingsViewController.swift */,
				11DF56A421C67A7A00B55E18 /* SlideController.swift */,
				11DF56A621C67D5200B55E18 /* SingleAyatController.swift */,
			);
			path = Controller;
			sourceTree = "<group>";
		};
		11BCE28921BB5D0F007CD641 /* View */ = {
			isa = PBXGroup;
			children = (
				115DD07421C9D72F00512F2B /* Floaty.swift */,
				115DD07221C9D72E00512F2B /* FloatyDelegate.swift */,
				115DD07521C9D72F00512F2B /* FloatyItem.swift */,
				115DD07121C9D72E00512F2B /* FloatyManager.swift */,
				115DD07021C9D72E00512F2B /* FloatyViewController.swift */,
				115DD07321C9D72F00512F2B /* FloatyWindow.swift */,
				11BCE28A21BB5D3A007CD641 /* EmptySearchView.xib */,
				11BCE28C21BB5D57007CD641 /* EmptySearchView.swift */,
				117CC31A21C1496F00EE594D /* PopoverOptions.swift */,
				119A01E321C3D91F00A93259 /* SearchHelperView.xib */,
				119A01E521C3D93E00A93259 /* SearchHelperView.swift */,
			);
			path = View;
			sourceTree = "<group>";
		};
		11C26F4921AE031900F6AF58 = {
			isa = PBXGroup;
			children = (
				11C26F5421AE031900F6AF58 /* Lafzi */,
				11C26F6921AE031A00F6AF58 /* LafziTests */,
				11C26F5321AE031900F6AF58 /* Products */,
				762D5207AFCA0B16222A6E52 /* Pods */,
				EBCBB28429E2A22EE89737B2 /* Frameworks */,
			);
			sourceTree = "<group>";
		};
		11C26F5321AE031900F6AF58 /* Products */ = {
			isa = PBXGroup;
			children = (
				11C26F5221AE031900F6AF58 /* Lafzi.app */,
				11C26F6621AE031A00F6AF58 /* LafziTests.xctest */,
			);
			name = Products;
			sourceTree = "<group>";
		};
		11C26F5421AE031900F6AF58 /* Lafzi */ = {
			isa = PBXGroup;
			children = (
				11F92FAF21C288C900B3C59A /* Font */,
				117CC31C21C1E93300EE594D /* Controller */,
				117CC31521C13C5B00EE594D /* Libs */,
				11BCE28921BB5D0F007CD641 /* View */,
				110332BA21B370010093F729 /* lafzi.sqlite */,
				11DED52521B36BAD00367545 /* Helper */,
				11DED51F21B09C2800367545 /* Model */,
				117CC31821C1424500EE594D /* Assets.xcassets */,
				11C26F5521AE031900F6AF58 /* AppDelegate.swift */,
				11DED52321B0A08E00367545 /* AyatTableViewCell.swift */,
				11C26F5921AE031900F6AF58 /* Main.storyboard */,
				11C26F5E21AE031A00F6AF58 /* LaunchScreen.storyboard */,
				11C26F6121AE031A00F6AF58 /* Info.plist */,
				11F92FB521C2918D00B3C59A /* Localizable.strings */,
			);
			path = Lafzi;
			sourceTree = "<group>";
		};
		11C26F6921AE031A00F6AF58 /* LafziTests */ = {
			isa = PBXGroup;
			children = (
				11C26F6A21AE031A00F6AF58 /* LafziTests.swift */,
				11C26F6C21AE031A00F6AF58 /* Info.plist */,
			);
			path = LafziTests;
			sourceTree = "<group>";
		};
		11DED51F21B09C2800367545 /* Model */ = {
			isa = PBXGroup;
			children = (
				11DED52021B09C4400367545 /* AyatQuran.swift */,
				110332C021B407D40093F729 /* FoundDocument.swift */,
				110332C221B409270093F729 /* HighlightPosition.swift */,
				110332C421B4D4110093F729 /* FreqAndPosition.swift */,
				113AAC4B21B5693600AA025C /* Index.swift */,
			);
			path = Model;
			sourceTree = "<group>";
		};
		11DED52521B36BAD00367545 /* Helper */ = {
			isa = PBXGroup;
			children = (
				11DED52621B36BCD00367545 /* DBHelper.swift */,
				110332BC21B384220093F729 /* QueryHelper.swift */,
				110332BE21B403120093F729 /* SearchHelper.swift */,
				11BCE28F21BB7E24007CD641 /* Util.swift */,
			);
			path = Helper;
			sourceTree = "<group>";
		};
		11F92FAF21C288C900B3C59A /* Font */ = {
			isa = PBXGroup;
			children = (
				11F92FAE21C288B200B3C59A /* me_quran.ttf */,
			);
			path = Font;
			sourceTree = "<group>";
		};
		762D5207AFCA0B16222A6E52 /* Pods */ = {
			isa = PBXGroup;
			children = (
				B990E632DCA4BB4F5A49F0CF /* Pods-Lafzi.debug.xcconfig */,
				CBFDC852D45C8D49DF764156 /* Pods-Lafzi.release.xcconfig */,
			);
			name = Pods;
			sourceTree = "<group>";
		};
		EBCBB28429E2A22EE89737B2 /* Frameworks */ = {
			isa = PBXGroup;
			children = (
				28AE09DA018D36025632E51D /* Pods_Lafzi.framework */,
			);
			name = Frameworks;
			sourceTree = "<group>";
		};
/* End PBXGroup section */

/* Begin PBXNativeTarget section */
		11C26F5121AE031900F6AF58 /* Lafzi */ = {
			isa = PBXNativeTarget;
			buildConfigurationList = 11C26F6F21AE031A00F6AF58 /* Build configuration list for PBXNativeTarget "Lafzi" */;
			buildPhases = (
				C00B03F072E1CFAEDA7D6335 /* [CP] Check Pods Manifest.lock */,
				11C26F4E21AE031900F6AF58 /* Sources */,
				11C26F4F21AE031900F6AF58 /* Frameworks */,
				11C26F5021AE031900F6AF58 /* Resources */,
				68344A9D3B046B540A16E166 /* [CP] Embed Pods Frameworks */,
			);
			buildRules = (
			);
			dependencies = (
			);
			name = Lafzi;
			productName = Lafzi;
			productReference = 11C26F5221AE031900F6AF58 /* Lafzi.app */;
			productType = "com.apple.product-type.application";
		};
		11C26F6521AE031A00F6AF58 /* LafziTests */ = {
			isa = PBXNativeTarget;
			buildConfigurationList = 11C26F7221AE031A00F6AF58 /* Build configuration list for PBXNativeTarget "LafziTests" */;
			buildPhases = (
				11C26F6221AE031A00F6AF58 /* Sources */,
				11C26F6321AE031A00F6AF58 /* Frameworks */,
				11C26F6421AE031A00F6AF58 /* Resources */,
			);
			buildRules = (
			);
			dependencies = (
				11C26F6821AE031A00F6AF58 /* PBXTargetDependency */,
			);
			name = LafziTests;
			productName = LafziTests;
			productReference = 11C26F6621AE031A00F6AF58 /* LafziTests.xctest */;
			productType = "com.apple.product-type.bundle.unit-test";
		};
/* End PBXNativeTarget section */

/* Begin PBXProject section */
		11C26F4A21AE031900F6AF58 /* Project object */ = {
			isa = PBXProject;
			attributes = {
				LastSwiftUpdateCheck = 1010;
				LastUpgradeCheck = 1010;
				ORGANIZATIONNAME = "Alfat Saputra Harun";
				TargetAttributes = {
					11C26F5121AE031900F6AF58 = {
						CreatedOnToolsVersion = 10.1;
					};
					11C26F6521AE031A00F6AF58 = {
						CreatedOnToolsVersion = 10.1;
						TestTargetID = 11C26F5121AE031900F6AF58;
					};
				};
			};
			buildConfigurationList = 11C26F4D21AE031900F6AF58 /* Build configuration list for PBXProject "Lafzi" */;
			compatibilityVersion = "Xcode 9.3";
			developmentRegion = en;
			hasScannedForEncodings = 0;
			knownRegions = (
				en,
				Base,
			);
			mainGroup = 11C26F4921AE031900F6AF58;
			productRefGroup = 11C26F5321AE031900F6AF58 /* Products */;
			projectDirPath = "";
			projectRoot = "";
			targets = (
				11C26F5121AE031900F6AF58 /* Lafzi */,
				11C26F6521AE031A00F6AF58 /* LafziTests */,
			);
		};
/* End PBXProject section */

/* Begin PBXResourcesBuildPhase section */
		11C26F5021AE031900F6AF58 /* Resources */ = {
			isa = PBXResourcesBuildPhase;
			buildActionMask = 2147483647;
			files = (
				11F92FB021C28B7700B3C59A /* me_quran.ttf in Resources */,
				11C26F6021AE031A00F6AF58 /* LaunchScreen.storyboard in Resources */,
				110332BB21B370010093F729 /* lafzi.sqlite in Resources */,
				11F92FB321C2918D00B3C59A /* Localizable.strings in Resources */,
				11C26F5B21AE031900F6AF58 /* Main.storyboard in Resources */,
				11BCE28B21BB5D3A007CD641 /* EmptySearchView.xib in Resources */,
				119A01E421C3D91F00A93259 /* SearchHelperView.xib in Resources */,
				117CC31921C1424500EE594D /* Assets.xcassets in Resources */,
			);
			runOnlyForDeploymentPostprocessing = 0;
		};
		11C26F6421AE031A00F6AF58 /* Resources */ = {
			isa = PBXResourcesBuildPhase;
			buildActionMask = 2147483647;
			files = (
			);
			runOnlyForDeploymentPostprocessing = 0;
		};
/* End PBXResourcesBuildPhase section */

/* Begin PBXShellScriptBuildPhase section */
		68344A9D3B046B540A16E166 /* [CP] Embed Pods Frameworks */ = {
			isa = PBXShellScriptBuildPhase;
			buildActionMask = 2147483647;
			files = (
			);
			inputFileListPaths = (
			);
			inputPaths = (
				"${SRCROOT}/Pods/Target Support Files/Pods-Lafzi/Pods-Lafzi-frameworks.sh",
				"${BUILT_PRODUCTS_DIR}/QuickTableViewController/QuickTableViewController.framework",
				"${BUILT_PRODUCTS_DIR}/SQLCipher/SQLCipher.framework",
				"${BUILT_PRODUCTS_DIR}/SQLite.swift/SQLite.framework",
			);
			name = "[CP] Embed Pods Frameworks";
			outputFileListPaths = (
			);
			outputPaths = (
				"${TARGET_BUILD_DIR}/${FRAMEWORKS_FOLDER_PATH}/QuickTableViewController.framework",
				"${TARGET_BUILD_DIR}/${FRAMEWORKS_FOLDER_PATH}/SQLCipher.framework",
				"${TARGET_BUILD_DIR}/${FRAMEWORKS_FOLDER_PATH}/SQLite.framework",
			);
			runOnlyForDeploymentPostprocessing = 0;
			shellPath = /bin/sh;
			shellScript = "\"${SRCROOT}/Pods/Target Support Files/Pods-Lafzi/Pods-Lafzi-frameworks.sh\"\n";
			showEnvVarsInLog = 0;
		};
		C00B03F072E1CFAEDA7D6335 /* [CP] Check Pods Manifest.lock */ = {
			isa = PBXShellScriptBuildPhase;
			buildActionMask = 2147483647;
			files = (
			);
			inputFileListPaths = (
			);
			inputPaths = (
				"${PODS_PODFILE_DIR_PATH}/Podfile.lock",
				"${PODS_ROOT}/Manifest.lock",
			);
			name = "[CP] Check Pods Manifest.lock";
			outputFileListPaths = (
			);
			outputPaths = (
				"$(DERIVED_FILE_DIR)/Pods-Lafzi-checkManifestLockResult.txt",
			);
			runOnlyForDeploymentPostprocessing = 0;
			shellPath = /bin/sh;
			shellScript = "diff \"${PODS_PODFILE_DIR_PATH}/Podfile.lock\" \"${PODS_ROOT}/Manifest.lock\" > /dev/null\nif [ $? != 0 ] ; then\n    # print error to STDERR\n    echo \"error: The sandbox is not in sync with the Podfile.lock. Run 'pod install' or update your CocoaPods installation.\" >&2\n    exit 1\nfi\n# This output is used by Xcode 'outputs' to avoid re-running this script phase.\necho \"SUCCESS\" > \"${SCRIPT_OUTPUT_FILE_0}\"\n";
			showEnvVarsInLog = 0;
		};
/* End PBXShellScriptBuildPhase section */

/* Begin PBXSourcesBuildPhase section */
		11C26F4E21AE031900F6AF58 /* Sources */ = {
			isa = PBXSourcesBuildPhase;
			buildActionMask = 2147483647;
			files = (
				11BCE28D21BB5D57007CD641 /* EmptySearchView.swift in Sources */,
				11DED52421B0A08E00367545 /* AyatTableViewCell.swift in Sources */,
				110332C121B407D40093F729 /* FoundDocument.swift in Sources */,
				110332C321B409270093F729 /* HighlightPosition.swift in Sources */,
				113AAC4C21B5693600AA025C /* Index.swift in Sources */,
				11DF56A721C67D5200B55E18 /* SingleAyatController.swift in Sources */,
				11C26F5821AE031900F6AF58 /* ViewController.swift in Sources */,
				117CC31B21C1496F00EE594D /* PopoverOptions.swift in Sources */,
				11DED52721B36BCD00367545 /* DBHelper.swift in Sources */,
				115DD07B21C9D72F00512F2B /* FloatyItem.swift in Sources */,
				119A01E621C3D93E00A93259 /* SearchHelperView.swift in Sources */,
				115DD07721C9D72F00512F2B /* FloatyManager.swift in Sources */,
				115DD07A21C9D72F00512F2B /* Floaty.swift in Sources */,
				11BCE29021BB7E24007CD641 /* Util.swift in Sources */,
				115DD07921C9D72F00512F2B /* FloatyWindow.swift in Sources */,
				110332C521B4D4110093F729 /* FreqAndPosition.swift in Sources */,
				115DD07821C9D72F00512F2B /* FloatyDelegate.swift in Sources */,
				11DED52121B09C4400367545 /* AyatQuran.swift in Sources */,
				11C26F5621AE031900F6AF58 /* AppDelegate.swift in Sources */,
				11F92FB921C3430B00B3C59A /* SettingsViewController.swift in Sources */,
				110332BD21B384220093F729 /* QueryHelper.swift in Sources */,
				110332BF21B403120093F729 /* SearchHelper.swift in Sources */,
				117CC31E21C1E96500EE594D /* BantuanViewController.swift in Sources */,
				11DF56A521C67A7A00B55E18 /* SlideController.swift in Sources */,
				117CC31721C13C7C00EE594D /* Popover.swift in Sources */,
				115DD07621C9D72F00512F2B /* FloatyViewController.swift in Sources */,
			);
			runOnlyForDeploymentPostprocessing = 0;
		};
		11C26F6221AE031A00F6AF58 /* Sources */ = {
			isa = PBXSourcesBuildPhase;
			buildActionMask = 2147483647;
			files = (
				11C26F6B21AE031A00F6AF58 /* LafziTests.swift in Sources */,
			);
			runOnlyForDeploymentPostprocessing = 0;
		};
/* End PBXSourcesBuildPhase section */

/* Begin PBXTargetDependency section */
		11C26F6821AE031A00F6AF58 /* PBXTargetDependency */ = {
			isa = PBXTargetDependency;
			target = 11C26F5121AE031900F6AF58 /* Lafzi */;
			targetProxy = 11C26F6721AE031A00F6AF58 /* PBXContainerItemProxy */;
		};
/* End PBXTargetDependency section */

/* Begin PBXVariantGroup section */
		11C26F5921AE031900F6AF58 /* Main.storyboard */ = {
			isa = PBXVariantGroup;
			children = (
				11C26F5A21AE031900F6AF58 /* Base */,
			);
			name = Main.storyboard;
			sourceTree = "<group>";
		};
		11C26F5E21AE031A00F6AF58 /* LaunchScreen.storyboard */ = {
			isa = PBXVariantGroup;
			children = (
				11C26F5F21AE031A00F6AF58 /* Base */,
			);
			name = LaunchScreen.storyboard;
			sourceTree = "<group>";
		};
		11F92FB521C2918D00B3C59A /* Localizable.strings */ = {
			isa = PBXVariantGroup;
			children = (
				11F92FB421C2918D00B3C59A /* en */,
			);
			name = Localizable.strings;
			sourceTree = "<group>";
		};
/* End PBXVariantGroup section */

/* Begin XCBuildConfiguration section */
		11C26F6D21AE031A00F6AF58 /* Debug */ = {
			isa = XCBuildConfiguration;
			buildSettings = {
				ALWAYS_SEARCH_USER_PATHS = NO;
				CLANG_ANALYZER_NONNULL = YES;
				CLANG_ANALYZER_NUMBER_OBJECT_CONVERSION = YES_AGGRESSIVE;
				CLANG_CXX_LANGUAGE_STANDARD = "gnu++14";
				CLANG_CXX_LIBRARY = "libc++";
				CLANG_ENABLE_MODULES = YES;
				CLANG_ENABLE_OBJC_ARC = YES;
				CLANG_ENABLE_OBJC_WEAK = YES;
				CLANG_WARN_BLOCK_CAPTURE_AUTORELEASING = YES;
				CLANG_WARN_BOOL_CONVERSION = YES;
				CLANG_WARN_COMMA = YES;
				CLANG_WARN_CONSTANT_CONVERSION = YES;
				CLANG_WARN_DEPRECATED_OBJC_IMPLEMENTATIONS = YES;
				CLANG_WARN_DIRECT_OBJC_ISA_USAGE = YES_ERROR;
				CLANG_WARN_DOCUMENTATION_COMMENTS = YES;
				CLANG_WARN_EMPTY_BODY = YES;
				CLANG_WARN_ENUM_CONVERSION = YES;
				CLANG_WARN_INFINITE_RECURSION = YES;
				CLANG_WARN_INT_CONVERSION = YES;
				CLANG_WARN_NON_LITERAL_NULL_CONVERSION = YES;
				CLANG_WARN_OBJC_IMPLICIT_RETAIN_SELF = YES;
				CLANG_WARN_OBJC_LITERAL_CONVERSION = YES;
				CLANG_WARN_OBJC_ROOT_CLASS = YES_ERROR;
				CLANG_WARN_RANGE_LOOP_ANALYSIS = YES;
				CLANG_WARN_STRICT_PROTOTYPES = YES;
				CLANG_WARN_SUSPICIOUS_MOVE = YES;
				CLANG_WARN_UNGUARDED_AVAILABILITY = YES_AGGRESSIVE;
				CLANG_WARN_UNREACHABLE_CODE = YES;
				CLANG_WARN__DUPLICATE_METHOD_MATCH = YES;
				CODE_SIGN_IDENTITY = "iPhone Developer";
				COPY_PHASE_STRIP = NO;
				DEBUG_INFORMATION_FORMAT = dwarf;
				ENABLE_STRICT_OBJC_MSGSEND = YES;
				ENABLE_TESTABILITY = YES;
				GCC_C_LANGUAGE_STANDARD = gnu11;
				GCC_DYNAMIC_NO_PIC = NO;
				GCC_NO_COMMON_BLOCKS = YES;
				GCC_OPTIMIZATION_LEVEL = 0;
				GCC_PREPROCESSOR_DEFINITIONS = (
					"DEBUG=1",
					"$(inherited)",
				);
				GCC_WARN_64_TO_32_BIT_CONVERSION = YES;
				GCC_WARN_ABOUT_RETURN_TYPE = YES_ERROR;
				GCC_WARN_UNDECLARED_SELECTOR = YES;
				GCC_WARN_UNINITIALIZED_AUTOS = YES_AGGRESSIVE;
				GCC_WARN_UNUSED_FUNCTION = YES;
				GCC_WARN_UNUSED_VARIABLE = YES;
				IPHONEOS_DEPLOYMENT_TARGET = 12.1;
				MTL_ENABLE_DEBUG_INFO = INCLUDE_SOURCE;
				MTL_FAST_MATH = YES;
				ONLY_ACTIVE_ARCH = YES;
				SDKROOT = iphoneos;
				SWIFT_ACTIVE_COMPILATION_CONDITIONS = DEBUG;
				SWIFT_OPTIMIZATION_LEVEL = "-Onone";
			};
			name = Debug;
		};
		11C26F6E21AE031A00F6AF58 /* Release */ = {
			isa = XCBuildConfiguration;
			buildSettings = {
				ALWAYS_SEARCH_USER_PATHS = NO;
				CLANG_ANALYZER_NONNULL = YES;
				CLANG_ANALYZER_NUMBER_OBJECT_CONVERSION = YES_AGGRESSIVE;
				CLANG_CXX_LANGUAGE_STANDARD = "gnu++14";
				CLANG_CXX_LIBRARY = "libc++";
				CLANG_ENABLE_MODULES = YES;
				CLANG_ENABLE_OBJC_ARC = YES;
				CLANG_ENABLE_OBJC_WEAK = YES;
				CLANG_WARN_BLOCK_CAPTURE_AUTORELEASING = YES;
				CLANG_WARN_BOOL_CONVERSION = YES;
				CLANG_WARN_COMMA = YES;
				CLANG_WARN_CONSTANT_CONVERSION = YES;
				CLANG_WARN_DEPRECATED_OBJC_IMPLEMENTATIONS = YES;
				CLANG_WARN_DIRECT_OBJC_ISA_USAGE = YES_ERROR;
				CLANG_WARN_DOCUMENTATION_COMMENTS = YES;
				CLANG_WARN_EMPTY_BODY = YES;
				CLANG_WARN_ENUM_CONVERSION = YES;
				CLANG_WARN_INFINITE_RECURSION = YES;
				CLANG_WARN_INT_CONVERSION = YES;
				CLANG_WARN_NON_LITERAL_NULL_CONVERSION = YES;
				CLANG_WARN_OBJC_IMPLICIT_RETAIN_SELF = YES;
				CLANG_WARN_OBJC_LITERAL_CONVERSION = YES;
				CLANG_WARN_OBJC_ROOT_CLASS = YES_ERROR;
				CLANG_WARN_RANGE_LOOP_ANALYSIS = YES;
				CLANG_WARN_STRICT_PROTOTYPES = YES;
				CLANG_WARN_SUSPICIOUS_MOVE = YES;
				CLANG_WARN_UNGUARDED_AVAILABILITY = YES_AGGRESSIVE;
				CLANG_WARN_UNREACHABLE_CODE = YES;
				CLANG_WARN__DUPLICATE_METHOD_MATCH = YES;
				CODE_SIGN_IDENTITY = "iPhone Developer";
				COPY_PHASE_STRIP = NO;
				DEBUG_INFORMATION_FORMAT = "dwarf-with-dsym";
				ENABLE_NS_ASSERTIONS = NO;
				ENABLE_STRICT_OBJC_MSGSEND = YES;
				GCC_C_LANGUAGE_STANDARD = gnu11;
				GCC_NO_COMMON_BLOCKS = YES;
				GCC_WARN_64_TO_32_BIT_CONVERSION = YES;
				GCC_WARN_ABOUT_RETURN_TYPE = YES_ERROR;
				GCC_WARN_UNDECLARED_SELECTOR = YES;
				GCC_WARN_UNINITIALIZED_AUTOS = YES_AGGRESSIVE;
				GCC_WARN_UNUSED_FUNCTION = YES;
				GCC_WARN_UNUSED_VARIABLE = YES;
				IPHONEOS_DEPLOYMENT_TARGET = 12.1;
				MTL_ENABLE_DEBUG_INFO = NO;
				MTL_FAST_MATH = YES;
				SDKROOT = iphoneos;
				SWIFT_COMPILATION_MODE = wholemodule;
				SWIFT_OPTIMIZATION_LEVEL = "-O";
				VALIDATE_PRODUCT = YES;
			};
			name = Release;
		};
		11C26F7021AE031A00F6AF58 /* Debug */ = {
			isa = XCBuildConfiguration;
			baseConfigurationReference = B990E632DCA4BB4F5A49F0CF /* Pods-Lafzi.debug.xcconfig */;
			buildSettings = {
				ASSETCATALOG_COMPILER_APPICON_NAME = AppIcon;
				CODE_SIGN_STYLE = Automatic;
				INFOPLIST_FILE = Lafzi/Info.plist;
				LD_RUNPATH_SEARCH_PATHS = (
					"$(inherited)",
					"@executable_path/Frameworks",
				);
				PRODUCT_BUNDLE_IDENTIFIER = org.lafzi.Lafzi;
				PRODUCT_NAME = "$(TARGET_NAME)";
				SWIFT_VERSION = 4.2;
				TARGETED_DEVICE_FAMILY = "1,2";
			};
			name = Debug;
		};
		11C26F7121AE031A00F6AF58 /* Release */ = {
			isa = XCBuildConfiguration;
			baseConfigurationReference = CBFDC852D45C8D49DF764156 /* Pods-Lafzi.release.xcconfig */;
			buildSettings = {
				ASSETCATALOG_COMPILER_APPICON_NAME = AppIcon;
				CODE_SIGN_STYLE = Automatic;
				INFOPLIST_FILE = Lafzi/Info.plist;
				LD_RUNPATH_SEARCH_PATHS = (
					"$(inherited)",
					"@executable_path/Frameworks",
				);
				PRODUCT_BUNDLE_IDENTIFIER = org.lafzi.Lafzi;
				PRODUCT_NAME = "$(TARGET_NAME)";
				SWIFT_VERSION = 4.2;
				TARGETED_DEVICE_FAMILY = "1,2";
			};
			name = Release;
		};
		11C26F7321AE031A00F6AF58 /* Debug */ = {
			isa = XCBuildConfiguration;
			buildSettings = {
				ALWAYS_EMBED_SWIFT_STANDARD_LIBRARIES = YES;
				BUNDLE_LOADER = "$(TEST_HOST)";
				CODE_SIGN_STYLE = Automatic;
				INFOPLIST_FILE = LafziTests/Info.plist;
				LD_RUNPATH_SEARCH_PATHS = (
					"$(inherited)",
					"@executable_path/Frameworks",
					"@loader_path/Frameworks",
				);
				PRODUCT_BUNDLE_IDENTIFIER = org.lafzi.LafziTests;
				PRODUCT_NAME = "$(TARGET_NAME)";
				SWIFT_VERSION = 4.2;
				TARGETED_DEVICE_FAMILY = "1,2";
				TEST_HOST = "$(BUILT_PRODUCTS_DIR)/Lafzi.app/Lafzi";
			};
			name = Debug;
		};
		11C26F7421AE031A00F6AF58 /* Release */ = {
			isa = XCBuildConfiguration;
			buildSettings = {
				ALWAYS_EMBED_SWIFT_STANDARD_LIBRARIES = YES;
				BUNDLE_LOADER = "$(TEST_HOST)";
				CODE_SIGN_STYLE = Automatic;
				INFOPLIST_FILE = LafziTests/Info.plist;
				LD_RUNPATH_SEARCH_PATHS = (
					"$(inherited)",
					"@executable_path/Frameworks",
					"@loader_path/Frameworks",
				);
				PRODUCT_BUNDLE_IDENTIFIER = org.lafzi.LafziTests;
				PRODUCT_NAME = "$(TARGET_NAME)";
				SWIFT_VERSION = 4.2;
				TARGETED_DEVICE_FAMILY = "1,2";
				TEST_HOST = "$(BUILT_PRODUCTS_DIR)/Lafzi.app/Lafzi";
			};
			name = Release;
		};
/* End XCBuildConfiguration section */

/* Begin XCConfigurationList section */
		11C26F4D21AE031900F6AF58 /* Build configuration list for PBXProject "Lafzi" */ = {
			isa = XCConfigurationList;
			buildConfigurations = (
				11C26F6D21AE031A00F6AF58 /* Debug */,
				11C26F6E21AE031A00F6AF58 /* Release */,
			);
			defaultConfigurationIsVisible = 0;
			defaultConfigurationName = Release;
		};
		11C26F6F21AE031A00F6AF58 /* Build configuration list for PBXNativeTarget "Lafzi" */ = {
			isa = XCConfigurationList;
			buildConfigurations = (
				11C26F7021AE031A00F6AF58 /* Debug */,
				11C26F7121AE031A00F6AF58 /* Release */,
			);
			defaultConfigurationIsVisible = 0;
			defaultConfigurationName = Release;
		};
		11C26F7221AE031A00F6AF58 /* Build configuration list for PBXNativeTarget "LafziTests" */ = {
			isa = XCConfigurationList;
			buildConfigurations = (
				11C26F7321AE031A00F6AF58 /* Debug */,
				11C26F7421AE031A00F6AF58 /* Release */,
			);
			defaultConfigurationIsVisible = 0;
			defaultConfigurationName = Release;
		};
/* End XCConfigurationList section */
	};
	rootObject = 11C26F4A21AE031900F6AF58 /* Project object */;
}
